
Microsoft Visual Studio Solution File, Format Version 12.00
# Visual Studio Version 17
VisualStudioVersion = 17.7.34302.85
MinimumVisualStudioVersion = 10.0.40219.1
Project("{9A19103F-16F7-4668-BE54-9A1E7A4F7556}") = "MainSignalClient", "MainSignalClient.csproj", "{D260ACFF-ED5C-4AD9-A104-FAB6CBC2D742}"
EndProject
Global
	GlobalSection(SolutionConfigurationPlatforms) = preSolution
		Debug|Any CPU = Debug|Any CPU
		Release|Any CPU = Release|Any CPU
	EndGlobalSection
	GlobalSection(ProjectConfigurationPlatforms) = postSolution
		{D260ACFF-ED5C-4AD9-A104-FAB6CBC2D742}.Debug|Any CPU.ActiveCfg = Debug|Any CPU
		{D260ACFF-ED5C-4AD9-A104-FAB6CBC2D742}.Debug|Any CPU.Build.0 = Debug|Any CPU
		{D260ACFF-ED5C-4AD9-A104-FAB6CBC2D742}.Release|Any CPU.ActiveCfg = Release|Any CPU
		{D260ACFF-ED5C-4AD9-A104-FAB6CBC2D742}.Release|Any CPU.Build.0 = Release|Any CPU
	EndGlobalSection
	GlobalSection(SolutionProperties) = preSolution
		HideSolutionNode = FALSE
	EndGlobalSection
	GlobalSection(ExtensibilityGlobals) = postSolution
		SolutionGuid = {2C33F1FC-36A7-4D6F-A821-185E82C00EA2}
	EndGlobalSection
EndGlobal
